
Microsoft Visual Studio Solution File, Format Version 12.00
# Visual Studio Version 16
VisualStudioVersion = 16.0.30907.101
MinimumVisualStudioVersion = 10.0.40219.1
Project("{FAE04EC0-301F-11D3-BF4B-00C04F79EFBC}") = "StringLength", "StringLength\StringLength.csproj", "{87F0B771-83EB-47EA-B19A-AB582D8B4522}"
EndProject
Global
	GlobalSection(SolutionConfigurationPlatforms) = preSolution
		Debug|Any CPU = Debug|Any CPU
		Release|Any CPU = Release|Any CPU
	EndGlobalSection
	GlobalSection(ProjectConfigurationPlatforms) = postSolution
		{87F0B771-83EB-47EA-B19A-AB582D8B4522}.Debug|Any CPU.ActiveCfg = Debug|Any CPU
		{87F0B771-83EB-47EA-B19A-AB582D8B4522}.Debug|Any CPU.Build.0 = Debug|Any CPU
		{87F0B771-83EB-47EA-B19A-AB582D8B4522}.Release|Any CPU.ActiveCfg = Release|Any CPU
		{87F0B771-83EB-47EA-B19A-AB582D8B4522}.Release|Any CPU.Build.0 = Release|Any CPU
	EndGlobalSection
	GlobalSection(SolutionProperties) = preSolution
		HideSolutionNode = FALSE
	EndGlobalSection
	GlobalSection(ExtensibilityGlobals) = postSolution
		SolutionGuid = {04EBF596-FEB5-40A9-8845-2C2A0E0829CC}
	EndGlobalSection
EndGlobal
